
Microsoft Visual Studio Solution File, Format Version 10.00
# Visual Studio 2008
Project("{8BC9CEB8-8B4A-11D0-8D11-00A0C91BC942}") = "maphack", "maphack.vcproj", "{69D052D2-15B9-4977-89C1-81DE7A36B61E}"
EndProject
Project("{8BC9CEB8-8B4A-11D0-8D11-00A0C91BC942}") = "input", "input\input.vcproj", "{40406977-DAFC-4E65-8DE0-B79712F22008}"
EndProject
Global
	GlobalSection(SolutionConfigurationPlatforms) = preSolution
		Debug|Win32 = Debug|Win32
		Release|Win32 = Release|Win32
	EndGlobalSection
	GlobalSection(ProjectConfigurationPlatforms) = postSolution
		{69D052D2-15B9-4977-89C1-81DE7A36B61E}.Debug|Win32.ActiveCfg = Debug|Win32
		{69D052D2-15B9-4977-89C1-81DE7A36B61E}.Debug|Win32.Build.0 = Debug|Win32
		{69D052D2-15B9-4977-89C1-81DE7A36B61E}.Release|Win32.ActiveCfg = Release|Win32
		{69D052D2-15B9-4977-89C1-81DE7A36B61E}.Release|Win32.Build.0 = Release|Win32
		{40406977-DAFC-4E65-8DE0-B79712F22008}.Debug|Win32.ActiveCfg = Debug|Win32
		{40406977-DAFC-4E65-8DE0-B79712F22008}.Debug|Win32.Build.0 = Debug|Win32
		{40406977-DAFC-4E65-8DE0-B79712F22008}.Release|Win32.ActiveCfg = Release|Win32
		{40406977-DAFC-4E65-8DE0-B79712F22008}.Release|Win32.Build.0 = Release|Win32
	EndGlobalSection
	GlobalSection(SolutionProperties) = preSolution
		HideSolutionNode = FALSE
	EndGlobalSection
EndGlobal
